// !$*UTF8*$!
{
	archiveVersion = 1;
	classes = {
	};
	objectVersion = 51;
	objects = {

/* Begin PBXBuildFile section */
		177B9347D4C18B019397B097 /* Pods_MetalImageFilter.framework in Frameworks */ = {isa = PBXBuildFile; fileRef = DF6CB2E3B56B2D0F51A45C7F /* Pods_MetalImageFilter.framework */; };
		EC216EFC22727D5E00EB48A6 /* GMPSUnaryImageFilter.swift in Sources */ = {isa = PBXBuildFile; fileRef = EC216EFB22727D5E00EB48A6 /* GMPSUnaryImageFilter.swift */; };
		EC216EFE2272864000EB48A6 /* GMPSUnaryImageFilterType.swift in Sources */ = {isa = PBXBuildFile; fileRef = EC216EFD2272864000EB48A6 /* GMPSUnaryImageFilterType.swift */; };
		EC33CAC0225D00E800E15C44 /* GColorGBRFilter.swift in Sources */ = {isa = PBXBuildFile; fileRef = EC33CABF225D00E800E15C44 /* GColorGBRFilter.swift */; };
		EC65920B2263AA750088B28E /* GImageFilterType.swift in Sources */ = {isa = PBXBuildFile; fileRef = EC65920A2263AA750088B28E /* GImageFilterType.swift */; };
		EC65920D2263AAD40088B28E /* GSepiaFilter.swift in Sources */ = {isa = PBXBuildFile; fileRef = EC65920C2263AAD40088B28E /* GSepiaFilter.swift */; };
		EC9EB5F4226627AF004F83FD /* GPixellationFilter.swift in Sources */ = {isa = PBXBuildFile; fileRef = EC9EB5F3226627AF004F83FD /* GPixellationFilter.swift */; };
		ECA813D5225B98AA00AFBE4E /* AppDelegate.swift in Sources */ = {isa = PBXBuildFile; fileRef = ECA813D4225B98AA00AFBE4E /* AppDelegate.swift */; };
		ECA813D7225B98AA00AFBE4E /* MasterViewController.swift in Sources */ = {isa = PBXBuildFile; fileRef = ECA813D6225B98AA00AFBE4E /* MasterViewController.swift */; };
		ECA813DC225B98AA00AFBE4E /* Main.storyboard in Resources */ = {isa = PBXBuildFile; fileRef = ECA813DA225B98AA00AFBE4E /* Main.storyboard */; };
		ECA813DE225B98AB00AFBE4E /* Assets.xcassets in Resources */ = {isa = PBXBuildFile; fileRef = ECA813DD225B98AB00AFBE4E /* Assets.xcassets */; };
		ECA813E1225B98AB00AFBE4E /* LaunchScreen.storyboard in Resources */ = {isa = PBXBuildFile; fileRef = ECA813DF225B98AB00AFBE4E /* LaunchScreen.storyboard */; };
		ECA813F2225B9C3800AFBE4E /* Shaders.metal in Sources */ = {isa = PBXBuildFile; fileRef = ECA813E8225B9C3700AFBE4E /* Shaders.metal */; };
		ECA813F3225B9C3800AFBE4E /* GRotationFilter.swift in Sources */ = {isa = PBXBuildFile; fileRef = ECA813E9225B9C3700AFBE4E /* GRotationFilter.swift */; };
		ECA813F4225B9C3800AFBE4E /* GZLog.swift in Sources */ = {isa = PBXBuildFile; fileRef = ECA813EA225B9C3700AFBE4E /* GZLog.swift */; };
		ECA813F5225B9C3800AFBE4E /* GGaussianBlur2DFilter.swift in Sources */ = {isa = PBXBuildFile; fileRef = ECA813EB225B9C3700AFBE4E /* GGaussianBlur2DFilter.swift */; };
		ECA813F6225B9C3800AFBE4E /* GContext.swift in Sources */ = {isa = PBXBuildFile; fileRef = ECA813EC225B9C3700AFBE4E /* GContext.swift */; };
		ECA813F7225B9C3800AFBE4E /* MainBundleTextureProvider.swift in Sources */ = {isa = PBXBuildFile; fileRef = ECA813ED225B9C3700AFBE4E /* MainBundleTextureProvider.swift */; };
		ECA813F8225B9C3800AFBE4E /* GTextureProvider.swift in Sources */ = {isa = PBXBuildFile; fileRef = ECA813EE225B9C3800AFBE4E /* GTextureProvider.swift */; };
		ECA813F9225B9C3800AFBE4E /* GImageFilter.swift in Sources */ = {isa = PBXBuildFile; fileRef = ECA813EF225B9C3800AFBE4E /* GImageFilter.swift */; };
		ECA813FA225B9C3800AFBE4E /* GSaturationAdjustmentFilter.swift in Sources */ = {isa = PBXBuildFile; fileRef = ECA813F0225B9C3800AFBE4E /* GSaturationAdjustmentFilter.swift */; };
		ECA813FB225B9C3800AFBE4E /* UIImage-extension.swift in Sources */ = {isa = PBXBuildFile; fileRef = ECA813F1225B9C3800AFBE4E /* UIImage-extension.swift */; };
		ECA813FD225B9CD500AFBE4E /* ImageFilterViewController.swift in Sources */ = {isa = PBXBuildFile; fileRef = ECA813FC225B9CD500AFBE4E /* ImageFilterViewController.swift */; };
		ECF032EF2285D4D90045D3A0 /* BnaryImageFilterType.swift in Sources */ = {isa = PBXBuildFile; fileRef = ECF032EE2285D4D90045D3A0 /* BnaryImageFilterType.swift */; };
		ECF032F12285D6200045D3A0 /* BinaryImageFilter.swift in Sources */ = {isa = PBXBuildFile; fileRef = ECF032F02285D6200045D3A0 /* BinaryImageFilter.swift */; };
		ECF4E43C226E1BFA00468A0F /* GLuminanceFilter.swift in Sources */ = {isa = PBXBuildFile; fileRef = ECF4E43B226E1BFA00468A0F /* GLuminanceFilter.swift */; };
		ECF4E43E226E205C00468A0F /* GNormalMapFilter.swift in Sources */ = {isa = PBXBuildFile; fileRef = ECF4E43D226E205C00468A0F /* GNormalMapFilter.swift */; };
		ECF4E444226E319800468A0F /* VideoViewController.swift in Sources */ = {isa = PBXBuildFile; fileRef = ECF4E441226E319700468A0F /* VideoViewController.swift */; };
		ECF4E445226E319800468A0F /* PhotoViewController.swift in Sources */ = {isa = PBXBuildFile; fileRef = ECF4E442226E319700468A0F /* PhotoViewController.swift */; };
		ECF4E446226E319800468A0F /* UIView+Border.swift in Sources */ = {isa = PBXBuildFile; fileRef = ECF4E443226E319800468A0F /* UIView+Border.swift */; };
		ECF4E448226E3DA500468A0F /* UIImageExtension.swift in Sources */ = {isa = PBXBuildFile; fileRef = ECF4E447226E3DA500468A0F /* UIImageExtension.swift */; };
/* End PBXBuildFile section */

/* Begin PBXFileReference section */
		478D40DB178E8D3F453311A5 /* Pods-MetalImageFilter.debug.xcconfig */ = {isa = PBXFileReference; includeInIndex = 1; lastKnownFileType = text.xcconfig; name = "Pods-MetalImageFilter.debug.xcconfig"; path = "Target Support Files/Pods-MetalImageFilter/Pods-MetalImageFilter.debug.xcconfig"; sourceTree = "<group>"; };
		C372C8A5588804A7F10B0D34 /* Pods-MetalImageFilter.release.xcconfig */ = {isa = PBXFileReference; includeInIndex = 1; lastKnownFileType = text.xcconfig; name = "Pods-MetalImageFilter.release.xcconfig"; path = "Target Support Files/Pods-MetalImageFilter/Pods-MetalImageFilter.release.xcconfig"; sourceTree = "<group>"; };
		DF6CB2E3B56B2D0F51A45C7F /* Pods_MetalImageFilter.framework */ = {isa = PBXFileReference; explicitFileType = wrapper.framework; includeInIndex = 0; path = Pods_MetalImageFilter.framework; sourceTree = BUILT_PRODUCTS_DIR; };
		EC216EFB22727D5E00EB48A6 /* GMPSUnaryImageFilter.swift */ = {isa = PBXFileReference; lastKnownFileType = sourcecode.swift; path = GMPSUnaryImageFilter.swift; sourceTree = "<group>"; };
		EC216EFD2272864000EB48A6 /* GMPSUnaryImageFilterType.swift */ = {isa = PBXFileReference; lastKnownFileType = sourcecode.swift; path = GMPSUnaryImageFilterType.swift; sourceTree = "<group>"; };
		EC33CABF225D00E800E15C44 /* GColorGBRFilter.swift */ = {isa = PBXFileReference; lastKnownFileType = sourcecode.swift; path = GColorGBRFilter.swift; sourceTree = "<group>"; };
		EC65920A2263AA750088B28E /* GImageFilterType.swift */ = {isa = PBXFileReference; lastKnownFileType = sourcecode.swift; path = GImageFilterType.swift; sourceTree = "<group>"; };
		EC65920C2263AAD40088B28E /* GSepiaFilter.swift */ = {isa = PBXFileReference; lastKnownFileType = sourcecode.swift; path = GSepiaFilter.swift; sourceTree = "<group>"; };
		EC9EB5F3226627AF004F83FD /* GPixellationFilter.swift */ = {isa = PBXFileReference; lastKnownFileType = sourcecode.swift; path = GPixellationFilter.swift; sourceTree = "<group>"; };
		ECA813D1225B98AA00AFBE4E /* MetalImageFilter.app */ = {isa = PBXFileReference; explicitFileType = wrapper.application; includeInIndex = 0; path = MetalImageFilter.app; sourceTree = BUILT_PRODUCTS_DIR; };
		ECA813D4225B98AA00AFBE4E /* AppDelegate.swift */ = {isa = PBXFileReference; lastKnownFileType = sourcecode.swift; path = AppDelegate.swift; sourceTree = "<group>"; };
		ECA813D6225B98AA00AFBE4E /* MasterViewController.swift */ = {isa = PBXFileReference; lastKnownFileType = sourcecode.swift; path = MasterViewController.swift; sourceTree = "<group>"; };
		ECA813DB225B98AA00AFBE4E /* Base */ = {isa = PBXFileReference; lastKnownFileType = file.storyboard; name = Base; path = Base.lproj/Main.storyboard; sourceTree = "<group>"; };
		ECA813DD225B98AB00AFBE4E /* Assets.xcassets */ = {isa = PBXFileReference; lastKnownFileType = folder.assetcatalog; path = Assets.xcassets; sourceTree = "<group>"; };
		ECA813E0225B98AB00AFBE4E /* Base */ = {isa = PBXFileReference; lastKnownFileType = file.storyboard; name = Base; path = Base.lproj/LaunchScreen.storyboard; sourceTree = "<group>"; };
		ECA813E2225B98AB00AFBE4E /* Info.plist */ = {isa = PBXFileReference; lastKnownFileType = text.plist.xml; path = Info.plist; sourceTree = "<group>"; };
		ECA813E8225B9C3700AFBE4E /* Shaders.metal */ = {isa = PBXFileReference; fileEncoding = 4; lastKnownFileType = sourcecode.metal; path = Shaders.metal; sourceTree = "<group>"; };
		ECA813E9225B9C3700AFBE4E /* GRotationFilter.swift */ = {isa = PBXFileReference; fileEncoding = 4; lastKnownFileType = sourcecode.swift; path = GRotationFilter.swift; sourceTree = "<group>"; };
		ECA813EA225B9C3700AFBE4E /* GZLog.swift */ = {isa = PBXFileReference; fileEncoding = 4; lastKnownFileType = sourcecode.swift; path = GZLog.swift; sourceTree = "<group>"; };
		ECA813EB225B9C3700AFBE4E /* GGaussianBlur2DFilter.swift */ = {isa = PBXFileReference; fileEncoding = 4; lastKnownFileType = sourcecode.swift; path = GGaussianBlur2DFilter.swift; sourceTree = "<group>"; };
		ECA813EC225B9C3700AFBE4E /* GContext.swift */ = {isa = PBXFileReference; fileEncoding = 4; lastKnownFileType = sourcecode.swift; path = GContext.swift; sourceTree = "<group>"; };
		ECA813ED225B9C3700AFBE4E /* MainBundleTextureProvider.swift */ = {isa = PBXFileReference; fileEncoding = 4; lastKnownFileType = sourcecode.swift; path = MainBundleTextureProvider.swift; sourceTree = "<group>"; };
		ECA813EE225B9C3800AFBE4E /* GTextureProvider.swift */ = {isa = PBXFileReference; fileEncoding = 4; lastKnownFileType = sourcecode.swift; path = GTextureProvider.swift; sourceTree = "<group>"; };
		ECA813EF225B9C3800AFBE4E /* GImageFilter.swift */ = {isa = PBXFileReference; fileEncoding = 4; lastKnownFileType = sourcecode.swift; path = GImageFilter.swift; sourceTree = "<group>"; };
		ECA813F0225B9C3800AFBE4E /* GSaturationAdjustmentFilter.swift */ = {isa = PBXFileReference; fileEncoding = 4; lastKnownFileType = sourcecode.swift; path = GSaturationAdjustmentFilter.swift; sourceTree = "<group>"; };
		ECA813F1225B9C3800AFBE4E /* UIImage-extension.swift */ = {isa = PBXFileReference; fileEncoding = 4; lastKnownFileType = sourcecode.swift; path = "UIImage-extension.swift"; sourceTree = "<group>"; };
		ECA813FC225B9CD500AFBE4E /* ImageFilterViewController.swift */ = {isa = PBXFileReference; fileEncoding = 4; lastKnownFileType = sourcecode.swift; path = ImageFilterViewController.swift; sourceTree = "<group>"; };
		ECF032EE2285D4D90045D3A0 /* BnaryImageFilterType.swift */ = {isa = PBXFileReference; lastKnownFileType = sourcecode.swift; path = BnaryImageFilterType.swift; sourceTree = "<group>"; };
		ECF032F02285D6200045D3A0 /* BinaryImageFilter.swift */ = {isa = PBXFileReference; lastKnownFileType = sourcecode.swift; path = BinaryImageFilter.swift; sourceTree = "<group>"; };
		ECF4E43B226E1BFA00468A0F /* GLuminanceFilter.swift */ = {isa = PBXFileReference; lastKnownFileType = sourcecode.swift; path = GLuminanceFilter.swift; sourceTree = "<group>"; };
		ECF4E43D226E205C00468A0F /* GNormalMapFilter.swift */ = {isa = PBXFileReference; lastKnownFileType = sourcecode.swift; path = GNormalMapFilter.swift; sourceTree = "<group>"; };
		ECF4E441226E319700468A0F /* VideoViewController.swift */ = {isa = PBXFileReference; fileEncoding = 4; lastKnownFileType = sourcecode.swift; path = VideoViewController.swift; sourceTree = "<group>"; };
		ECF4E442226E319700468A0F /* PhotoViewController.swift */ = {isa = PBXFileReference; fileEncoding = 4; lastKnownFileType = sourcecode.swift; path = PhotoViewController.swift; sourceTree = "<group>"; };
		ECF4E443226E319800468A0F /* UIView+Border.swift */ = {isa = PBXFileReference; fileEncoding = 4; lastKnownFileType = sourcecode.swift; path = "UIView+Border.swift"; sourceTree = "<group>"; };
		ECF4E447226E3DA500468A0F /* UIImageExtension.swift */ = {isa = PBXFileReference; lastKnownFileType = sourcecode.swift; path = UIImageExtension.swift; sourceTree = "<group>"; };
/* End PBXFileReference section */

/* Begin PBXFrameworksBuildPhase section */
		ECA813CE225B98AA00AFBE4E /* Frameworks */ = {
			isa = PBXFrameworksBuildPhase;
			buildActionMask = 2147483647;
			files = (
				177B9347D4C18B019397B097 /* Pods_MetalImageFilter.framework in Frameworks */,
			);
			runOnlyForDeploymentPostprocessing = 0;
		};
/* End PBXFrameworksBuildPhase section */

/* Begin PBXGroup section */
		64CB3CC54C95B0E613FD50C6 /* Frameworks */ = {
			isa = PBXGroup;
			children = (
				DF6CB2E3B56B2D0F51A45C7F /* Pods_MetalImageFilter.framework */,
			);
			name = Frameworks;
			sourceTree = "<group>";
		};
		EC28B4352271940F00E97BAD /* VC */ = {
			isa = PBXGroup;
			children = (
				ECA813D6225B98AA00AFBE4E /* MasterViewController.swift */,
				ECA813FC225B9CD500AFBE4E /* ImageFilterViewController.swift */,
				ECF4E442226E319700468A0F /* PhotoViewController.swift */,
				ECF4E441226E319700468A0F /* VideoViewController.swift */,
				ECA813DA225B98AA00AFBE4E /* Main.storyboard */,
			);
			path = VC;
			sourceTree = "<group>";
		};
		EC28B4362271943B00E97BAD /* Filter */ = {
			isa = PBXGroup;
			children = (
				EC65920A2263AA750088B28E /* GImageFilterType.swift */,
				EC216EFD2272864000EB48A6 /* GMPSUnaryImageFilterType.swift */,
				ECF032EE2285D4D90045D3A0 /* BnaryImageFilterType.swift */,
				ECA813EC225B9C3700AFBE4E /* GContext.swift */,
				ECA813ED225B9C3700AFBE4E /* MainBundleTextureProvider.swift */,
				ECA813EF225B9C3800AFBE4E /* GImageFilter.swift */,
				EC216EFB22727D5E00EB48A6 /* GMPSUnaryImageFilter.swift */,
				ECF032F02285D6200045D3A0 /* BinaryImageFilter.swift */,
				ECA813EB225B9C3700AFBE4E /* GGaussianBlur2DFilter.swift */,
				ECA813E9225B9C3700AFBE4E /* GRotationFilter.swift */,
				ECA813F0225B9C3800AFBE4E /* GSaturationAdjustmentFilter.swift */,
				ECA813EE225B9C3800AFBE4E /* GTextureProvider.swift */,
				EC33CABF225D00E800E15C44 /* GColorGBRFilter.swift */,
				EC65920C2263AAD40088B28E /* GSepiaFilter.swift */,
				EC9EB5F3226627AF004F83FD /* GPixellationFilter.swift */,
				ECF4E43B226E1BFA00468A0F /* GLuminanceFilter.swift */,
				ECF4E43D226E205C00468A0F /* GNormalMapFilter.swift */,
			);
			path = Filter;
			sourceTree = "<group>";
		};
		ECA813C8225B98AA00AFBE4E = {
			isa = PBXGroup;
			children = (
				ECA813D3225B98AA00AFBE4E /* MetalImageFilter */,
				ECA813D2225B98AA00AFBE4E /* Products */,
				FE36E3575A13E1D75FE61F5C /* Pods */,
				64CB3CC54C95B0E613FD50C6 /* Frameworks */,
			);
			sourceTree = "<group>";
		};
		ECA813D2225B98AA00AFBE4E /* Products */ = {
			isa = PBXGroup;
			children = (
				ECA813D1225B98AA00AFBE4E /* MetalImageFilter.app */,
			);
			name = Products;
			sourceTree = "<group>";
		};
		ECA813D3225B98AA00AFBE4E /* MetalImageFilter */ = {
			isa = PBXGroup;
			children = (
				EC28B4362271943B00E97BAD /* Filter */,
				EC28B4352271940F00E97BAD /* VC */,
				ECA813E8225B9C3700AFBE4E /* Shaders.metal */,
				ECF4E443226E319800468A0F /* UIView+Border.swift */,
				ECA813EA225B9C3700AFBE4E /* GZLog.swift */,
				ECA813F1225B9C3800AFBE4E /* UIImage-extension.swift */,
				ECF4E447226E3DA500468A0F /* UIImageExtension.swift */,
				ECA813D4225B98AA00AFBE4E /* AppDelegate.swift */,
				ECA813DD225B98AB00AFBE4E /* Assets.xcassets */,
				ECA813DF225B98AB00AFBE4E /* LaunchScreen.storyboard */,
				ECA813E2225B98AB00AFBE4E /* Info.plist */,
			);
			path = MetalImageFilter;
			sourceTree = "<group>";
		};
		FE36E3575A13E1D75FE61F5C /* Pods */ = {
			isa = PBXGroup;
			children = (
				478D40DB178E8D3F453311A5 /* Pods-MetalImageFilter.debug.xcconfig */,
				C372C8A5588804A7F10B0D34 /* Pods-MetalImageFilter.release.xcconfig */,
			);
			path = Pods;
			sourceTree = "<group>";
		};
/* End PBXGroup section */

/* Begin PBXNativeTarget section */
		ECA813D0225B98AA00AFBE4E /* MetalImageFilter */ = {
			isa = PBXNativeTarget;
			buildConfigurationList = ECA813E5225B98AB00AFBE4E /* Build configuration list for PBXNativeTarget "MetalImageFilter" */;
			buildPhases = (
				4BB16941BC69C2D3C84B4DF6 /* [CP] Check Pods Manifest.lock */,
				ECA813CD225B98AA00AFBE4E /* Sources */,
				ECA813CE225B98AA00AFBE4E /* Frameworks */,
				ECA813CF225B98AA00AFBE4E /* Resources */,
				6D5B451FD96DF0B222734279 /* [CP] Embed Pods Frameworks */,
			);
			buildRules = (
			);
			dependencies = (
			);
			name = MetalImageFilter;
			productName = MetalImageFilter;
			productReference = ECA813D1225B98AA00AFBE4E /* MetalImageFilter.app */;
			productType = "com.apple.product-type.application";
		};
/* End PBXNativeTarget section */

/* Begin PBXProject section */
		ECA813C9225B98AA00AFBE4E /* Project object */ = {
			isa = PBXProject;
			attributes = {
				LastSwiftUpdateCheck = 1020;
				LastUpgradeCheck = 1020;
				ORGANIZATIONNAME = "LEE CHUL HYUN";
				TargetAttributes = {
					ECA813D0225B98AA00AFBE4E = {
						CreatedOnToolsVersion = 10.2;
					};
				};
			};
			buildConfigurationList = ECA813CC225B98AA00AFBE4E /* Build configuration list for PBXProject "MetalImageFilter" */;
			compatibilityVersion = "Xcode 9.3";
			developmentRegion = en;
			hasScannedForEncodings = 0;
			knownRegions = (
				en,
				Base,
			);
			mainGroup = ECA813C8225B98AA00AFBE4E;
			productRefGroup = ECA813D2225B98AA00AFBE4E /* Products */;
			projectDirPath = "";
			projectRoot = "";
			targets = (
				ECA813D0225B98AA00AFBE4E /* MetalImageFilter */,
			);
		};
/* End PBXProject section */

/* Begin PBXResourcesBuildPhase section */
		ECA813CF225B98AA00AFBE4E /* Resources */ = {
			isa = PBXResourcesBuildPhase;
			buildActionMask = 2147483647;
			files = (
				ECA813E1225B98AB00AFBE4E /* LaunchScreen.storyboard in Resources */,
				ECA813DE225B98AB00AFBE4E /* Assets.xcassets in Resources */,
				ECA813DC225B98AA00AFBE4E /* Main.storyboard in Resources */,
			);
			runOnlyForDeploymentPostprocessing = 0;
		};
/* End PBXResourcesBuildPhase section */

/* Begin PBXShellScriptBuildPhase section */
		4BB16941BC69C2D3C84B4DF6 /* [CP] Check Pods Manifest.lock */ = {
			isa = PBXShellScriptBuildPhase;
			buildActionMask = 2147483647;
			files = (
			);
			inputFileListPaths = (
			);
			inputPaths = (
				"${PODS_PODFILE_DIR_PATH}/Podfile.lock",
				"${PODS_ROOT}/Manifest.lock",
			);
			name = "[CP] Check Pods Manifest.lock";
			outputFileListPaths = (
			);
			outputPaths = (
				"$(DERIVED_FILE_DIR)/Pods-MetalImageFilter-checkManifestLockResult.txt",
			);
			runOnlyForDeploymentPostprocessing = 0;
			shellPath = /bin/sh;
			shellScript = "diff \"${PODS_PODFILE_DIR_PATH}/Podfile.lock\" \"${PODS_ROOT}/Manifest.lock\" > /dev/null\nif [ $? != 0 ] ; then\n    # print error to STDERR\n    echo \"error: The sandbox is not in sync with the Podfile.lock. Run 'pod install' or update your CocoaPods installation.\" >&2\n    exit 1\nfi\n# This output is used by Xcode 'outputs' to avoid re-running this script phase.\necho \"SUCCESS\" > \"${SCRIPT_OUTPUT_FILE_0}\"\n";
			showEnvVarsInLog = 0;
		};
		6D5B451FD96DF0B222734279 /* [CP] Embed Pods Frameworks */ = {
			isa = PBXShellScriptBuildPhase;
			buildActionMask = 2147483647;
			files = (
			);
			inputFileListPaths = (
				"${PODS_ROOT}/Target Support Files/Pods-MetalImageFilter/Pods-MetalImageFilter-frameworks-${CONFIGURATION}-input-files.xcfilelist",
			);
			name = "[CP] Embed Pods Frameworks";
			outputFileListPaths = (
				"${PODS_ROOT}/Target Support Files/Pods-MetalImageFilter/Pods-MetalImageFilter-frameworks-${CONFIGURATION}-output-files.xcfilelist",
			);
			runOnlyForDeploymentPostprocessing = 0;
			shellPath = /bin/sh;
			shellScript = "\"${PODS_ROOT}/Target Support Files/Pods-MetalImageFilter/Pods-MetalImageFilter-frameworks.sh\"\n";
			showEnvVarsInLog = 0;
		};
/* End PBXShellScriptBuildPhase section */

/* Begin PBXSourcesBuildPhase section */
		ECA813CD225B98AA00AFBE4E /* Sources */ = {
			isa = PBXSourcesBuildPhase;
			buildActionMask = 2147483647;
			files = (
				ECA813FD225B9CD500AFBE4E /* ImageFilterViewController.swift in Sources */,
				ECA813F7225B9C3800AFBE4E /* MainBundleTextureProvider.swift in Sources */,
				ECF4E448226E3DA500468A0F /* UIImageExtension.swift in Sources */,
				ECA813F5225B9C3800AFBE4E /* GGaussianBlur2DFilter.swift in Sources */,
				EC216EFC22727D5E00EB48A6 /* GMPSUnaryImageFilter.swift in Sources */,
				EC33CAC0225D00E800E15C44 /* GColorGBRFilter.swift in Sources */,
				ECF4E446226E319800468A0F /* UIView+Border.swift in Sources */,
				ECA813FA225B9C3800AFBE4E /* GSaturationAdjustmentFilter.swift in Sources */,
				ECA813F2225B9C3800AFBE4E /* Shaders.metal in Sources */,
				ECF032F12285D6200045D3A0 /* BinaryImageFilter.swift in Sources */,
				ECA813FB225B9C3800AFBE4E /* UIImage-extension.swift in Sources */,
				ECF4E444226E319800468A0F /* VideoViewController.swift in Sources */,
				ECA813F4225B9C3800AFBE4E /* GZLog.swift in Sources */,
				ECF4E43C226E1BFA00468A0F /* GLuminanceFilter.swift in Sources */,
				ECA813F3225B9C3800AFBE4E /* GRotationFilter.swift in Sources */,
				ECF032EF2285D4D90045D3A0 /* BnaryImageFilterType.swift in Sources */,
				ECA813F6225B9C3800AFBE4E /* GContext.swift in Sources */,
				ECA813D7225B98AA00AFBE4E /* MasterViewController.swift in Sources */,
				ECA813F8225B9C3800AFBE4E /* GTextureProvider.swift in Sources */,
				EC216EFE2272864000EB48A6 /* GMPSUnaryImageFilterType.swift in Sources */,
				EC65920D2263AAD40088B28E /* GSepiaFilter.swift in Sources */,
				ECF4E43E226E205C00468A0F /* GNormalMapFilter.swift in Sources */,
				ECA813F9225B9C3800AFBE4E /* GImageFilter.swift in Sources */,
				EC65920B2263AA750088B28E /* GImageFilterType.swift in Sources */,
				EC9EB5F4226627AF004F83FD /* GPixellationFilter.swift in Sources */,
				ECA813D5225B98AA00AFBE4E /* AppDelegate.swift in Sources */,
				ECF4E445226E319800468A0F /* PhotoViewController.swift in Sources */,
			);
			runOnlyForDeploymentPostprocessing = 0;
		};
/* End PBXSourcesBuildPhase section */

/* Begin PBXVariantGroup section */
		ECA813DA225B98AA00AFBE4E /* Main.storyboard */ = {
			isa = PBXVariantGroup;
			children = (
				ECA813DB225B98AA00AFBE4E /* Base */,
			);
			name = Main.storyboard;
			sourceTree = "<group>";
		};
		ECA813DF225B98AB00AFBE4E /* LaunchScreen.storyboard */ = {
			isa = PBXVariantGroup;
			children = (
				ECA813E0225B98AB00AFBE4E /* Base */,
			);
			name = LaunchScreen.storyboard;
			sourceTree = "<group>";
		};
/* End PBXVariantGroup section */

/* Begin XCBuildConfiguration section */
		ECA813E3225B98AB00AFBE4E /* Debug */ = {
			isa = XCBuildConfiguration;
			buildSettings = {
				ALWAYS_SEARCH_USER_PATHS = NO;
				CLANG_ANALYZER_NONNULL = YES;
				CLANG_ANALYZER_NUMBER_OBJECT_CONVERSION = YES_AGGRESSIVE;
				CLANG_CXX_LANGUAGE_STANDARD = "gnu++14";
				CLANG_CXX_LIBRARY = "libc++";
				CLANG_ENABLE_MODULES = YES;
				CLANG_ENABLE_OBJC_ARC = YES;
				CLANG_ENABLE_OBJC_WEAK = YES;
				CLANG_WARN_BLOCK_CAPTURE_AUTORELEASING = YES;
				CLANG_WARN_BOOL_CONVERSION = YES;
				CLANG_WARN_COMMA = YES;
				CLANG_WARN_CONSTANT_CONVERSION = YES;
				CLANG_WARN_DEPRECATED_OBJC_IMPLEMENTATIONS = YES;
				CLANG_WARN_DIRECT_OBJC_ISA_USAGE = YES_ERROR;
				CLANG_WARN_DOCUMENTATION_COMMENTS = YES;
				CLANG_WARN_EMPTY_BODY = YES;
				CLANG_WARN_ENUM_CONVERSION = YES;
				CLANG_WARN_INFINITE_RECURSION = YES;
				CLANG_WARN_INT_CONVERSION = YES;
				CLANG_WARN_NON_LITERAL_NULL_CONVERSION = YES;
				CLANG_WARN_OBJC_IMPLICIT_RETAIN_SELF = YES;
				CLANG_WARN_OBJC_LITERAL_CONVERSION = YES;
				CLANG_WARN_OBJC_ROOT_CLASS = YES_ERROR;
				CLANG_WARN_RANGE_LOOP_ANALYSIS = YES;
				CLANG_WARN_STRICT_PROTOTYPES = YES;
				CLANG_WARN_SUSPICIOUS_MOVE = YES;
				CLANG_WARN_UNGUARDED_AVAILABILITY = YES_AGGRESSIVE;
				CLANG_WARN_UNREACHABLE_CODE = YES;
				CLANG_WARN__DUPLICATE_METHOD_MATCH = YES;
				CODE_SIGN_IDENTITY = "iPhone Developer";
				COPY_PHASE_STRIP = NO;
				DEBUG_INFORMATION_FORMAT = dwarf;
				ENABLE_STRICT_OBJC_MSGSEND = YES;
				ENABLE_TESTABILITY = YES;
				GCC_C_LANGUAGE_STANDARD = gnu11;
				GCC_DYNAMIC_NO_PIC = NO;
				GCC_NO_COMMON_BLOCKS = YES;
				GCC_OPTIMIZATION_LEVEL = 0;
				GCC_PREPROCESSOR_DEFINITIONS = (
					"DEBUG=1",
					"$(inherited)",
				);
				GCC_WARN_64_TO_32_BIT_CONVERSION = YES;
				GCC_WARN_ABOUT_RETURN_TYPE = YES_ERROR;
				GCC_WARN_UNDECLARED_SELECTOR = YES;
				GCC_WARN_UNINITIALIZED_AUTOS = YES_AGGRESSIVE;
				GCC_WARN_UNUSED_FUNCTION = YES;
				GCC_WARN_UNUSED_VARIABLE = YES;
				IPHONEOS_DEPLOYMENT_TARGET = 12.2;
				MTL_ENABLE_DEBUG_INFO = INCLUDE_SOURCE;
				MTL_FAST_MATH = YES;
				ONLY_ACTIVE_ARCH = YES;
				SDKROOT = iphoneos;
				SWIFT_ACTIVE_COMPILATION_CONDITIONS = DEBUG;
				SWIFT_OPTIMIZATION_LEVEL = "-Onone";
			};
			name = Debug;
		};
		ECA813E4225B98AB00AFBE4E /* Release */ = {
			isa = XCBuildConfiguration;
			buildSettings = {
				ALWAYS_SEARCH_USER_PATHS = NO;
				CLANG_ANALYZER_NONNULL = YES;
				CLANG_ANALYZER_NUMBER_OBJECT_CONVERSION = YES_AGGRESSIVE;
				CLANG_CXX_LANGUAGE_STANDARD = "gnu++14";
				CLANG_CXX_LIBRARY = "libc++";
				CLANG_ENABLE_MODULES = YES;
				CLANG_ENABLE_OBJC_ARC = YES;
				CLANG_ENABLE_OBJC_WEAK = YES;
				CLANG_WARN_BLOCK_CAPTURE_AUTORELEASING = YES;
				CLANG_WARN_BOOL_CONVERSION = YES;
				CLANG_WARN_COMMA = YES;
				CLANG_WARN_CONSTANT_CONVERSION = YES;
				CLANG_WARN_DEPRECATED_OBJC_IMPLEMENTATIONS = YES;
				CLANG_WARN_DIRECT_OBJC_ISA_USAGE = YES_ERROR;
				CLANG_WARN_DOCUMENTATION_COMMENTS = YES;
				CLANG_WARN_EMPTY_BODY = YES;
				CLANG_WARN_ENUM_CONVERSION = YES;
				CLANG_WARN_INFINITE_RECURSION = YES;
				CLANG_WARN_INT_CONVERSION = YES;
				CLANG_WARN_NON_LITERAL_NULL_CONVERSION = YES;
				CLANG_WARN_OBJC_IMPLICIT_RETAIN_SELF = YES;
				CLANG_WARN_OBJC_LITERAL_CONVERSION = YES;
				CLANG_WARN_OBJC_ROOT_CLASS = YES_ERROR;
				CLANG_WARN_RANGE_LOOP_ANALYSIS = YES;
				CLANG_WARN_STRICT_PROTOTYPES = YES;
				CLANG_WARN_SUSPICIOUS_MOVE = YES;
				CLANG_WARN_UNGUARDED_AVAILABILITY = YES_AGGRESSIVE;
				CLANG_WARN_UNREACHABLE_CODE = YES;
				CLANG_WARN__DUPLICATE_METHOD_MATCH = YES;
				CODE_SIGN_IDENTITY = "iPhone Developer";
				COPY_PHASE_STRIP = NO;
				DEBUG_INFORMATION_FORMAT = "dwarf-with-dsym";
				ENABLE_NS_ASSERTIONS = NO;
				ENABLE_STRICT_OBJC_MSGSEND = YES;
				GCC_C_LANGUAGE_STANDARD = gnu11;
				GCC_NO_COMMON_BLOCKS = YES;
				GCC_WARN_64_TO_32_BIT_CONVERSION = YES;
				GCC_WARN_ABOUT_RETURN_TYPE = YES_ERROR;
				GCC_WARN_UNDECLARED_SELECTOR = YES;
				GCC_WARN_UNINITIALIZED_AUTOS = YES_AGGRESSIVE;
				GCC_WARN_UNUSED_FUNCTION = YES;
				GCC_WARN_UNUSED_VARIABLE = YES;
				IPHONEOS_DEPLOYMENT_TARGET = 12.2;
				MTL_ENABLE_DEBUG_INFO = NO;
				MTL_FAST_MATH = YES;
				SDKROOT = iphoneos;
				SWIFT_COMPILATION_MODE = wholemodule;
				SWIFT_OPTIMIZATION_LEVEL = "-O";
				VALIDATE_PRODUCT = YES;
			};
			name = Release;
		};
		ECA813E6225B98AB00AFBE4E /* Debug */ = {
			isa = XCBuildConfiguration;
			baseConfigurationReference = 478D40DB178E8D3F453311A5 /* Pods-MetalImageFilter.debug.xcconfig */;
			buildSettings = {
				ASSETCATALOG_COMPILER_APPICON_NAME = AppIcon;
				CODE_SIGN_STYLE = Automatic;
				DEVELOPMENT_TEAM = WD3LPJ2STX;
				INFOPLIST_FILE = MetalImageFilter/Info.plist;
				LD_RUNPATH_SEARCH_PATHS = (
					"$(inherited)",
					"@executable_path/Frameworks",
				);
				PRODUCT_BUNDLE_IDENTIFIER = g.MetalImageFilter;
				PRODUCT_NAME = "$(TARGET_NAME)";
				SWIFT_VERSION = 5.0;
				TARGETED_DEVICE_FAMILY = "1,2";
			};
			name = Debug;
		};
		ECA813E7225B98AB00AFBE4E /* Release */ = {
			isa = XCBuildConfiguration;
			baseConfigurationReference = C372C8A5588804A7F10B0D34 /* Pods-MetalImageFilter.release.xcconfig */;
			buildSettings = {
				ASSETCATALOG_COMPILER_APPICON_NAME = AppIcon;
				CODE_SIGN_STYLE = Automatic;
				DEVELOPMENT_TEAM = WD3LPJ2STX;
				INFOPLIST_FILE = MetalImageFilter/Info.plist;
				LD_RUNPATH_SEARCH_PATHS = (
					"$(inherited)",
					"@executable_path/Frameworks",
				);
				PRODUCT_BUNDLE_IDENTIFIER = g.MetalImageFilter;
				PRODUCT_NAME = "$(TARGET_NAME)";
				SWIFT_VERSION = 5.0;
				TARGETED_DEVICE_FAMILY = "1,2";
			};
			name = Release;
		};
/* End XCBuildConfiguration section */

/* Begin XCConfigurationList section */
		ECA813CC225B98AA00AFBE4E /* Build configuration list for PBXProject "MetalImageFilter" */ = {
			isa = XCConfigurationList;
			buildConfigurations = (
				ECA813E3225B98AB00AFBE4E /* Debug */,
				ECA813E4225B98AB00AFBE4E /* Release */,
			);
			defaultConfigurationIsVisible = 0;
			defaultConfigurationName = Release;
		};
		ECA813E5225B98AB00AFBE4E /* Build configuration list for PBXNativeTarget "MetalImageFilter" */ = {
			isa = XCConfigurationList;
			buildConfigurations = (
				ECA813E6225B98AB00AFBE4E /* Debug */,
				ECA813E7225B98AB00AFBE4E /* Release */,
			);
			defaultConfigurationIsVisible = 0;
			defaultConfigurationName = Release;
		};
/* End XCConfigurationList section */
	};
	rootObject = ECA813C9225B98AA00AFBE4E /* Project object */;
}
